
Microsoft Visual Studio Solution File, Format Version 12.00
# Visual Studio Version 17
VisualStudioVersion = 17.11.35219.272
MinimumVisualStudioVersion = 10.0.40219.1
Project("{9A19103F-16F7-4668-BE54-9A1E7A4F7556}") = "KartverketWebApp", "KartverketWebApp\KartverketWebApp.csproj", "{5C06CCB7-598E-4A12-B6CC-180BFE816481}"
EndProject
Global
	GlobalSection(SolutionConfigurationPlatforms) = preSolution
		Debug|Any CPU = Debug|Any CPU
		Release|Any CPU = Release|Any CPU
	EndGlobalSection
	GlobalSection(ProjectConfigurationPlatforms) = postSolution
		{5C06CCB7-598E-4A12-B6CC-180BFE816481}.Debug|Any CPU.ActiveCfg = Debug|Any CPU
		{5C06CCB7-598E-4A12-B6CC-180BFE816481}.Debug|Any CPU.Build.0 = Debug|Any CPU
		{5C06CCB7-598E-4A12-B6CC-180BFE816481}.Release|Any CPU.ActiveCfg = Release|Any CPU
		{5C06CCB7-598E-4A12-B6CC-180BFE816481}.Release|Any CPU.Build.0 = Release|Any CPU
	EndGlobalSection
	GlobalSection(SolutionProperties) = preSolution
		HideSolutionNode = FALSE
	EndGlobalSection
	GlobalSection(ExtensibilityGlobals) = postSolution
		SolutionGuid = {FDCB2191-881F-45F9-8677-BF6D162C6707}
	EndGlobalSection
EndGlobal
